
Microsoft Visual Studio Solution File, Format Version 12.00
# Visual Studio Version 17
VisualStudioVersion = 17.7.34031.279
MinimumVisualStudioVersion = 10.0.40219.1
Project("{9A19103F-16F7-4668-BE54-9A1E7A4F7556}") = "Hart_Check_Official", "Hart_Check_Official\Hart_Check_Official.csproj", "{7243C1EC-0EC7-403F-99A1-415DA13E6C60}"
EndProject
Project("{FAE04EC0-301F-11D3-BF4B-00C04F79EFBC}") = "WebApp_Doctor", "WebApp_Doctor\WebApp_Doctor.csproj", "{44C1D81A-DF95-4357-A35E-C9C17FA65182}"
EndProject
Global
	GlobalSection(SolutionConfigurationPlatforms) = preSolution
		Debug|Any CPU = Debug|Any CPU
		Release|Any CPU = Release|Any CPU
	EndGlobalSection
	GlobalSection(ProjectConfigurationPlatforms) = postSolution
		{7243C1EC-0EC7-403F-99A1-415DA13E6C60}.Debug|Any CPU.ActiveCfg = Debug|Any CPU
		{7243C1EC-0EC7-403F-99A1-415DA13E6C60}.Debug|Any CPU.Build.0 = Debug|Any CPU
		{7243C1EC-0EC7-403F-99A1-415DA13E6C60}.Release|Any CPU.ActiveCfg = Release|Any CPU
		{7243C1EC-0EC7-403F-99A1-415DA13E6C60}.Release|Any CPU.Build.0 = Release|Any CPU
		{44C1D81A-DF95-4357-A35E-C9C17FA65182}.Debug|Any CPU.ActiveCfg = Debug|Any CPU
		{44C1D81A-DF95-4357-A35E-C9C17FA65182}.Debug|Any CPU.Build.0 = Debug|Any CPU
		{44C1D81A-DF95-4357-A35E-C9C17FA65182}.Release|Any CPU.ActiveCfg = Release|Any CPU
		{44C1D81A-DF95-4357-A35E-C9C17FA65182}.Release|Any CPU.Build.0 = Release|Any CPU
	EndGlobalSection
	GlobalSection(SolutionProperties) = preSolution
		HideSolutionNode = FALSE
	EndGlobalSection
	GlobalSection(ExtensibilityGlobals) = postSolution
		SolutionGuid = {745A0564-860C-4BF5-A116-519DA0990FF1}
	EndGlobalSection
EndGlobal
