
Microsoft Visual Studio Solution File, Format Version 12.00
# Visual Studio Version 17
VisualStudioVersion = 17.7.34031.279
MinimumVisualStudioVersion = 10.0.40219.1
Project("{FAE04EC0-301F-11D3-BF4B-00C04F79EFBC}") = "HartCheck_Doctor_test", "HartCheck_Doctor_test.csproj", "{6089ABBB-3744-47D1-A294-1207AD17E343}"
EndProject
Global
	GlobalSection(SolutionConfigurationPlatforms) = preSolution
		Debug|Any CPU = Debug|Any CPU
		Release|Any CPU = Release|Any CPU
	EndGlobalSection
	GlobalSection(ProjectConfigurationPlatforms) = postSolution
		{6089ABBB-3744-47D1-A294-1207AD17E343}.Debug|Any CPU.ActiveCfg = Debug|Any CPU
		{6089ABBB-3744-47D1-A294-1207AD17E343}.Debug|Any CPU.Build.0 = Debug|Any CPU
		{6089ABBB-3744-47D1-A294-1207AD17E343}.Release|Any CPU.ActiveCfg = Release|Any CPU
		{6089ABBB-3744-47D1-A294-1207AD17E343}.Release|Any CPU.Build.0 = Release|Any CPU
	EndGlobalSection
	GlobalSection(SolutionProperties) = preSolution
		HideSolutionNode = FALSE
	EndGlobalSection
	GlobalSection(ExtensibilityGlobals) = postSolution
		SolutionGuid = {B9982E06-88C3-4850-96A7-F0B266CED9BA}
	EndGlobalSection
EndGlobal
